
Microsoft Visual Studio Solution File, Format Version 12.00
# Visual Studio 15
VisualStudioVersion = 15.0.27703.2047
MinimumVisualStudioVersion = 10.0.40219.1
Project("{FAE04EC0-301F-11D3-BF4B-00C04F79EFBC}") = "Assignment2", "Assignment2\Assignment2.csproj", "{CE01E2AE-355D-4602-B806-02733E449B85}"
EndProject
Global
	GlobalSection(SolutionConfigurationPlatforms) = preSolution
		Debug|Any CPU = Debug|Any CPU
		Release|Any CPU = Release|Any CPU
	EndGlobalSection
	GlobalSection(ProjectConfigurationPlatforms) = postSolution
		{CE01E2AE-355D-4602-B806-02733E449B85}.Debug|Any CPU.ActiveCfg = Debug|Any CPU
		{CE01E2AE-355D-4602-B806-02733E449B85}.Debug|Any CPU.Build.0 = Debug|Any CPU
		{CE01E2AE-355D-4602-B806-02733E449B85}.Release|Any CPU.ActiveCfg = Release|Any CPU
		{CE01E2AE-355D-4602-B806-02733E449B85}.Release|Any CPU.Build.0 = Release|Any CPU
	EndGlobalSection
	GlobalSection(SolutionProperties) = preSolution
		HideSolutionNode = FALSE
	EndGlobalSection
	GlobalSection(ExtensibilityGlobals) = postSolution
		SolutionGuid = {2DE65CE4-3798-4A37-8BC5-977A4E3DB8D3}
	EndGlobalSection
EndGlobal
